set_global_assignment -name FAMILY "MAX 10"
set_global_assignment -name DEVICE 10M50DAF484C7G
set_global_assignment -name VHDL_INPUT_VERSION VHDL_2008
set_global_assignment -name TOP_LEVEL_ENTITY de10_lite_fpga2_wrapper
set_global_assignment -name PROJECT_OUTPUT_DIRECTORY output_files
set_global_assignment -name SDC_FILE de10_lite_fpga2_wrapper.sdc

# Fill in the DE10-Lite board assignments below if you create a fresh project.
# This repository keeps a fully populated wrapper QSF in the same directory.
